
Microsoft Visual Studio Solution File, Format Version 12.00
# Visual Studio Version 17
VisualStudioVersion = 17.7.34202.233
MinimumVisualStudioVersion = 10.0.40219.1
Project("{FAE04EC0-301F-11D3-BF4B-00C04F79EFBC}") = "DataAccess", "DataAccess\DataAccess.csproj", "{289DE19E-2338-4075-8486-9A7619CBC126}"
EndProject
Project("{FAE04EC0-301F-11D3-BF4B-00C04F79EFBC}") = "Business", "Business\Business.csproj", "{2FB74D12-14D6-42CE-94B2-192DF1F97B9A}"
EndProject
Project("{FAE04EC0-301F-11D3-BF4B-00C04F79EFBC}") = "Entities", "Entities\Entities.csproj", "{3A57D265-883E-4ABE-B7A3-4DBB87E21589}"
EndProject
Project("{FAE04EC0-301F-11D3-BF4B-00C04F79EFBC}") = "ConsoleUI", "ConsoleUI\ConsoleUI.csproj", "{09F16DAC-A003-4663-80C5-84996EE980B6}"
EndProject
Global
	GlobalSection(SolutionConfigurationPlatforms) = preSolution
		Debug|Any CPU = Debug|Any CPU
		Release|Any CPU = Release|Any CPU
	EndGlobalSection
	GlobalSection(ProjectConfigurationPlatforms) = postSolution
		{289DE19E-2338-4075-8486-9A7619CBC126}.Debug|Any CPU.ActiveCfg = Debug|Any CPU
		{289DE19E-2338-4075-8486-9A7619CBC126}.Debug|Any CPU.Build.0 = Debug|Any CPU
		{289DE19E-2338-4075-8486-9A7619CBC126}.Release|Any CPU.ActiveCfg = Release|Any CPU
		{289DE19E-2338-4075-8486-9A7619CBC126}.Release|Any CPU.Build.0 = Release|Any CPU
		{2FB74D12-14D6-42CE-94B2-192DF1F97B9A}.Debug|Any CPU.ActiveCfg = Debug|Any CPU
		{2FB74D12-14D6-42CE-94B2-192DF1F97B9A}.Debug|Any CPU.Build.0 = Debug|Any CPU
		{2FB74D12-14D6-42CE-94B2-192DF1F97B9A}.Release|Any CPU.ActiveCfg = Release|Any CPU
		{2FB74D12-14D6-42CE-94B2-192DF1F97B9A}.Release|Any CPU.Build.0 = Release|Any CPU
		{3A57D265-883E-4ABE-B7A3-4DBB87E21589}.Debug|Any CPU.ActiveCfg = Debug|Any CPU
		{3A57D265-883E-4ABE-B7A3-4DBB87E21589}.Debug|Any CPU.Build.0 = Debug|Any CPU
		{3A57D265-883E-4ABE-B7A3-4DBB87E21589}.Release|Any CPU.ActiveCfg = Release|Any CPU
		{3A57D265-883E-4ABE-B7A3-4DBB87E21589}.Release|Any CPU.Build.0 = Release|Any CPU
		{09F16DAC-A003-4663-80C5-84996EE980B6}.Debug|Any CPU.ActiveCfg = Debug|Any CPU
		{09F16DAC-A003-4663-80C5-84996EE980B6}.Debug|Any CPU.Build.0 = Debug|Any CPU
		{09F16DAC-A003-4663-80C5-84996EE980B6}.Release|Any CPU.ActiveCfg = Release|Any CPU
		{09F16DAC-A003-4663-80C5-84996EE980B6}.Release|Any CPU.Build.0 = Release|Any CPU
	EndGlobalSection
	GlobalSection(SolutionProperties) = preSolution
		HideSolutionNode = FALSE
	EndGlobalSection
	GlobalSection(ExtensibilityGlobals) = postSolution
		SolutionGuid = {9A8DE79B-E3AD-483E-9FE0-4CBF6EDE6678}
	EndGlobalSection
EndGlobal
